# The abgen release that every dcl-one-sdk binary embeds.
#
# abgen releases are relocatable bundles: a launcher script beside
# bin/abgen.bin and a bundled lib/ loader, with the Unity templates and shader
# bundles compiled into the executable. (`/health` on a release run from an
# empty directory reports `template_ok: true, templates_missing: []` and logs
# `templates=compiled into this build`.)
#
# build.rs reads this file, downloads the archive for the build target into a
# cache, verifies it against the sha256 below, and embeds the bundle. Set
# ABGEN_EMBED_BIN to embed a different abgen instead (offline builds, a local
# abgen checkout); export-overlay/flake.nix parses this same file so a nix
# build fetches the identical bytes without needing network at compile time.
#
# Refresh with: scripts/pin-abgen.sh <tag>   e.g. scripts/pin-abgen.sh v0.17.0
#
# Keys are abgen's release targets, not rust target triples: the bundle ships
# its own loader, so the host ABI it was linked against is irrelevant and
# *-pc-windows-msvc builds ship the -gnu archive.

version = v0.17.13
url = https://github.com/decentraland/abgen/releases/download/{version}/abgen-{version}-{target}.tar.gz

aarch64-apple-darwin       = ad235ccaf04d60e69615918af8597f77c7f7767e308afe1af9acd564f59f79de
x86_64-apple-darwin        = 2f23e97020c1025de892d8bab08df2c5f7b8d4f93dcd4bb2fb5322dd5af80a97
aarch64-unknown-linux-gnu  = 2fc79417e7f509a7721cd7322323df68cf5042bf27427b8ad7c2a0b62233cad9
x86_64-unknown-linux-gnu   = 294128fe6b7dad6272a6af971ceae6f98f35087d1aac3e1865a57495aef13a39
aarch64-pc-windows-gnullvm = da93aa881e5f95f3dae3138ec314da5a9da0767309d38dd7b24f91e33523290c
x86_64-pc-windows-gnu      = f721f6bef2a0aabc80d210dd482d382fae0c431fe4d380cc4075b42cb3a9f7a5
